// !$*UTF8*$!
{
	archiveVersion = 1;
	classes = {
	};
	objectVersion = 56;
	objects = {

/* Begin PBXBuildFile section */
		931677BE297FC91C00961DD8 /* DataService.swift in Sources */ = {isa = PBXBuildFile; fileRef = 931677BD297FC91C00961DD8 /* DataService.swift */; };
		937B9E3C297A729200160EDD /* AppDelegate.swift in Sources */ = {isa = PBXBuildFile; fileRef = 937B9E3B297A729200160EDD /* AppDelegate.swift */; };
		937B9E3E297A729200160EDD /* SceneDelegate.swift in Sources */ = {isa = PBXBuildFile; fileRef = 937B9E3D297A729200160EDD /* SceneDelegate.swift */; };
		937B9E40297A729200160EDD /* ViewController.swift in Sources */ = {isa = PBXBuildFile; fileRef = 937B9E3F297A729200160EDD /* ViewController.swift */; };
		937B9E45297A729400160EDD /* Assets.xcassets in Resources */ = {isa = PBXBuildFile; fileRef = 937B9E44297A729400160EDD /* Assets.xcassets */; };
		937B9E48297A729400160EDD /* LaunchScreen.storyboard in Resources */ = {isa = PBXBuildFile; fileRef = 937B9E46297A729400160EDD /* LaunchScreen.storyboard */; };
		938A2331297F9B22000BD374 /* data.json in Resources */ = {isa = PBXBuildFile; fileRef = 938A2330297F9B22000BD374 /* data.json */; };
		938A2333297FA0B4000BD374 /* DataModel.swift in Sources */ = {isa = PBXBuildFile; fileRef = 938A2332297FA0B4000BD374 /* DataModel.swift */; };
		938A2335297FA19F000BD374 /* ComponentViewController.swift in Sources */ = {isa = PBXBuildFile; fileRef = 938A2334297FA19F000BD374 /* ComponentViewController.swift */; };
		938A2339297FA23D000BD374 /* ComponentTableViewCell.swift in Sources */ = {isa = PBXBuildFile; fileRef = 938A2338297FA23D000BD374 /* ComponentTableViewCell.swift */; };
		93970C80297FF7C200E09C0F /* PropertyTableViewCell.swift in Sources */ = {isa = PBXBuildFile; fileRef = 93970C7F297FF7C200E09C0F /* PropertyTableViewCell.swift */; };
		93970C83298023FF00E09C0F /* ComponentView.swift in Sources */ = {isa = PBXBuildFile; fileRef = 93970C82298023FF00E09C0F /* ComponentView.swift */; };
		93970C852980241D00E09C0F /* ControlView.swift in Sources */ = {isa = PBXBuildFile; fileRef = 93970C842980241D00E09C0F /* ControlView.swift */; };
/* End PBXBuildFile section */

/* Begin PBXFileReference section */
		931677BD297FC91C00961DD8 /* DataService.swift */ = {isa = PBXFileReference; lastKnownFileType = sourcecode.swift; path = DataService.swift; sourceTree = "<group>"; };
		937B9E38297A729200160EDD /* iOSNativeBaseApp.app */ = {isa = PBXFileReference; explicitFileType = wrapper.application; includeInIndex = 0; path = iOSNativeBaseApp.app; sourceTree = BUILT_PRODUCTS_DIR; };
		937B9E3B297A729200160EDD /* AppDelegate.swift */ = {isa = PBXFileReference; lastKnownFileType = sourcecode.swift; path = AppDelegate.swift; sourceTree = "<group>"; };
		937B9E3D297A729200160EDD /* SceneDelegate.swift */ = {isa = PBXFileReference; lastKnownFileType = sourcecode.swift; path = SceneDelegate.swift; sourceTree = "<group>"; };
		937B9E3F297A729200160EDD /* ViewController.swift */ = {isa = PBXFileReference; lastKnownFileType = sourcecode.swift; path = ViewController.swift; sourceTree = "<group>"; };
		937B9E44297A729400160EDD /* Assets.xcassets */ = {isa = PBXFileReference; lastKnownFileType = folder.assetcatalog; path = Assets.xcassets; sourceTree = "<group>"; };
		937B9E47297A729400160EDD /* Base */ = {isa = PBXFileReference; lastKnownFileType = file.storyboard; name = Base; path = Base.lproj/LaunchScreen.storyboard; sourceTree = "<group>"; };
		937B9E49297A729400160EDD /* Info.plist */ = {isa = PBXFileReference; lastKnownFileType = text.plist.xml; path = Info.plist; sourceTree = "<group>"; };
		938A2330297F9B22000BD374 /* data.json */ = {isa = PBXFileReference; lastKnownFileType = text.json; path = data.json; sourceTree = "<group>"; };
		938A2332297FA0B4000BD374 /* DataModel.swift */ = {isa = PBXFileReference; lastKnownFileType = sourcecode.swift; path = DataModel.swift; sourceTree = "<group>"; };
		938A2334297FA19F000BD374 /* ComponentViewController.swift */ = {isa = PBXFileReference; lastKnownFileType = sourcecode.swift; path = ComponentViewController.swift; sourceTree = "<group>"; };
		938A2338297FA23D000BD374 /* ComponentTableViewCell.swift */ = {isa = PBXFileReference; lastKnownFileType = sourcecode.swift; path = ComponentTableViewCell.swift; sourceTree = "<group>"; };
		93970C7F297FF7C200E09C0F /* PropertyTableViewCell.swift */ = {isa = PBXFileReference; lastKnownFileType = sourcecode.swift; path = PropertyTableViewCell.swift; sourceTree = "<group>"; };
		93970C82298023FF00E09C0F /* ComponentView.swift */ = {isa = PBXFileReference; lastKnownFileType = sourcecode.swift; path = ComponentView.swift; sourceTree = "<group>"; };
		93970C842980241D00E09C0F /* ControlView.swift */ = {isa = PBXFileReference; lastKnownFileType = sourcecode.swift; path = ControlView.swift; sourceTree = "<group>"; };
/* End PBXFileReference section */

/* Begin PBXFrameworksBuildPhase section */
		937B9E35297A729200160EDD /* Frameworks */ = {
			isa = PBXFrameworksBuildPhase;
			buildActionMask = 2147483647;
			files = (
			);
			runOnlyForDeploymentPostprocessing = 0;
		};
/* End PBXFrameworksBuildPhase section */

/* Begin PBXGroup section */
		937B9E2F297A729200160EDD = {
			isa = PBXGroup;
			children = (
				937B9E3A297A729200160EDD /* iOSNativeBaseApp */,
				937B9E39297A729200160EDD /* Products */,
			);
			sourceTree = "<group>";
		};
		937B9E39297A729200160EDD /* Products */ = {
			isa = PBXGroup;
			children = (
				937B9E38297A729200160EDD /* iOSNativeBaseApp.app */,
			);
			name = Products;
			sourceTree = "<group>";
		};
		937B9E3A297A729200160EDD /* iOSNativeBaseApp */ = {
			isa = PBXGroup;
			children = (
				937B9E3B297A729200160EDD /* AppDelegate.swift */,
				937B9E3D297A729200160EDD /* SceneDelegate.swift */,
				938A232F297F9AFB000BD374 /* Model */,
				938A2336297FA1A4000BD374 /* View */,
				938A2337297FA1C7000BD374 /* Controller */,
				937B9E44297A729400160EDD /* Assets.xcassets */,
				937B9E46297A729400160EDD /* LaunchScreen.storyboard */,
				937B9E49297A729400160EDD /* Info.plist */,
			);
			path = iOSNativeBaseApp;
			sourceTree = "<group>";
		};
		938A232F297F9AFB000BD374 /* Model */ = {
			isa = PBXGroup;
			children = (
				938A2330297F9B22000BD374 /* data.json */,
				938A2332297FA0B4000BD374 /* DataModel.swift */,
				931677BD297FC91C00961DD8 /* DataService.swift */,
			);
			path = Model;
			sourceTree = "<group>";
		};
		938A2336297FA1A4000BD374 /* View */ = {
			isa = PBXGroup;
			children = (
				938A2338297FA23D000BD374 /* ComponentTableViewCell.swift */,
				93970C7F297FF7C200E09C0F /* PropertyTableViewCell.swift */,
				93970C82298023FF00E09C0F /* ComponentView.swift */,
				93970C842980241D00E09C0F /* ControlView.swift */,
			);
			path = View;
			sourceTree = "<group>";
		};
		938A2337297FA1C7000BD374 /* Controller */ = {
			isa = PBXGroup;
			children = (
				937B9E3F297A729200160EDD /* ViewController.swift */,
				938A2334297FA19F000BD374 /* ComponentViewController.swift */,
			);
			path = Controller;
			sourceTree = "<group>";
		};
/* End PBXGroup section */

/* Begin PBXNativeTarget section */
		937B9E37297A729200160EDD /* iOSNativeBaseApp */ = {
			isa = PBXNativeTarget;
			buildConfigurationList = 937B9E4C297A729400160EDD /* Build configuration list for PBXNativeTarget "iOSNativeBaseApp" */;
			buildPhases = (
				937B9E34297A729200160EDD /* Sources */,
				937B9E35297A729200160EDD /* Frameworks */,
				937B9E36297A729200160EDD /* Resources */,
			);
			buildRules = (
			);
			dependencies = (
			);
			name = iOSNativeBaseApp;
			productName = iOSNativeBaseApp;
			productReference = 937B9E38297A729200160EDD /* iOSNativeBaseApp.app */;
			productType = "com.apple.product-type.application";
		};
/* End PBXNativeTarget section */

/* Begin PBXProject section */
		937B9E30297A729200160EDD /* Project object */ = {
			isa = PBXProject;
			attributes = {
				BuildIndependentTargetsInParallel = 1;
				LastSwiftUpdateCheck = 1420;
				LastUpgradeCheck = 1420;
				TargetAttributes = {
					937B9E37297A729200160EDD = {
						CreatedOnToolsVersion = 14.2;
					};
				};
			};
			buildConfigurationList = 937B9E33297A729200160EDD /* Build configuration list for PBXProject "iOSNativeBaseApp" */;
			compatibilityVersion = "Xcode 14.0";
			developmentRegion = en;
			hasScannedForEncodings = 0;
			knownRegions = (
				en,
				Base,
			);
			mainGroup = 937B9E2F297A729200160EDD;
			productRefGroup = 937B9E39297A729200160EDD /* Products */;
			projectDirPath = "";
			projectRoot = "";
			targets = (
				937B9E37297A729200160EDD /* iOSNativeBaseApp */,
			);
		};
/* End PBXProject section */

/* Begin PBXResourcesBuildPhase section */
		937B9E36297A729200160EDD /* Resources */ = {
			isa = PBXResourcesBuildPhase;
			buildActionMask = 2147483647;
			files = (
				937B9E48297A729400160EDD /* LaunchScreen.storyboard in Resources */,
				938A2331297F9B22000BD374 /* data.json in Resources */,
				937B9E45297A729400160EDD /* Assets.xcassets in Resources */,
			);
			runOnlyForDeploymentPostprocessing = 0;
		};
/* End PBXResourcesBuildPhase section */

/* Begin PBXSourcesBuildPhase section */
		937B9E34297A729200160EDD /* Sources */ = {
			isa = PBXSourcesBuildPhase;
			buildActionMask = 2147483647;
			files = (
				937B9E40297A729200160EDD /* ViewController.swift in Sources */,
				93970C852980241D00E09C0F /* ControlView.swift in Sources */,
				93970C80297FF7C200E09C0F /* PropertyTableViewCell.swift in Sources */,
				931677BE297FC91C00961DD8 /* DataService.swift in Sources */,
				938A2339297FA23D000BD374 /* ComponentTableViewCell.swift in Sources */,
				938A2335297FA19F000BD374 /* ComponentViewController.swift in Sources */,
				93970C83298023FF00E09C0F /* ComponentView.swift in Sources */,
				938A2333297FA0B4000BD374 /* DataModel.swift in Sources */,
				937B9E3C297A729200160EDD /* AppDelegate.swift in Sources */,
				937B9E3E297A729200160EDD /* SceneDelegate.swift in Sources */,
			);
			runOnlyForDeploymentPostprocessing = 0;
		};
/* End PBXSourcesBuildPhase section */

/* Begin PBXVariantGroup section */
		937B9E46297A729400160EDD /* LaunchScreen.storyboard */ = {
			isa = PBXVariantGroup;
			children = (
				937B9E47297A729400160EDD /* Base */,
			);
			name = LaunchScreen.storyboard;
			sourceTree = "<group>";
		};
/* End PBXVariantGroup section */

/* Begin XCBuildConfiguration section */
		937B9E4A297A729400160EDD /* Debug */ = {
			isa = XCBuildConfiguration;
			buildSettings = {
				ALWAYS_SEARCH_USER_PATHS = NO;
				CLANG_ANALYZER_NONNULL = YES;
				CLANG_ANALYZER_NUMBER_OBJECT_CONVERSION = YES_AGGRESSIVE;
				CLANG_CXX_LANGUAGE_STANDARD = "gnu++20";
				CLANG_ENABLE_MODULES = YES;
				CLANG_ENABLE_OBJC_ARC = YES;
				CLANG_ENABLE_OBJC_WEAK = YES;
				CLANG_WARN_BLOCK_CAPTURE_AUTORELEASING = YES;
				CLANG_WARN_BOOL_CONVERSION = YES;
				CLANG_WARN_COMMA = YES;
				CLANG_WARN_CONSTANT_CONVERSION = YES;
				CLANG_WARN_DEPRECATED_OBJC_IMPLEMENTATIONS = YES;
				CLANG_WARN_DIRECT_OBJC_ISA_USAGE = YES_ERROR;
				CLANG_WARN_DOCUMENTATION_COMMENTS = YES;
				CLANG_WARN_EMPTY_BODY = YES;
				CLANG_WARN_ENUM_CONVERSION = YES;
				CLANG_WARN_INFINITE_RECURSION = YES;
				CLANG_WARN_INT_CONVERSION = YES;
				CLANG_WARN_NON_LITERAL_NULL_CONVERSION = YES;
				CLANG_WARN_OBJC_IMPLICIT_RETAIN_SELF = YES;
				CLANG_WARN_OBJC_LITERAL_CONVERSION = YES;
				CLANG_WARN_OBJC_ROOT_CLASS = YES_ERROR;
				CLANG_WARN_QUOTED_INCLUDE_IN_FRAMEWORK_HEADER = YES;
				CLANG_WARN_RANGE_LOOP_ANALYSIS = YES;
				CLANG_WARN_STRICT_PROTOTYPES = YES;
				CLANG_WARN_SUSPICIOUS_MOVE = YES;
				CLANG_WARN_UNGUARDED_AVAILABILITY = YES_AGGRESSIVE;
				CLANG_WARN_UNREACHABLE_CODE = YES;
				CLANG_WARN__DUPLICATE_METHOD_MATCH = YES;
				COPY_PHASE_STRIP = NO;
				DEBUG_INFORMATION_FORMAT = dwarf;
				ENABLE_STRICT_OBJC_MSGSEND = YES;
				ENABLE_TESTABILITY = YES;
				GCC_C_LANGUAGE_STANDARD = gnu11;
				GCC_DYNAMIC_NO_PIC = NO;
				GCC_NO_COMMON_BLOCKS = YES;
				GCC_OPTIMIZATION_LEVEL = 0;
				GCC_PREPROCESSOR_DEFINITIONS = (
					"DEBUG=1",
					"$(inherited)",
				);
				GCC_WARN_64_TO_32_BIT_CONVERSION = YES;
				GCC_WARN_ABOUT_RETURN_TYPE = YES_ERROR;
				GCC_WARN_UNDECLARED_SELECTOR = YES;
				GCC_WARN_UNINITIALIZED_AUTOS = YES_AGGRESSIVE;
				GCC_WARN_UNUSED_FUNCTION = YES;
				GCC_WARN_UNUSED_VARIABLE = YES;
				IPHONEOS_DEPLOYMENT_TARGET = 16.2;
				MTL_ENABLE_DEBUG_INFO = INCLUDE_SOURCE;
				MTL_FAST_MATH = YES;
				ONLY_ACTIVE_ARCH = YES;
				SDKROOT = iphoneos;
				SWIFT_ACTIVE_COMPILATION_CONDITIONS = DEBUG;
				SWIFT_OPTIMIZATION_LEVEL = "-Onone";
			};
			name = Debug;
		};
		937B9E4B297A729400160EDD /* Release */ = {
			isa = XCBuildConfiguration;
			buildSettings = {
				ALWAYS_SEARCH_USER_PATHS = NO;
				CLANG_ANALYZER_NONNULL = YES;
				CLANG_ANALYZER_NUMBER_OBJECT_CONVERSION = YES_AGGRESSIVE;
				CLANG_CXX_LANGUAGE_STANDARD = "gnu++20";
				CLANG_ENABLE_MODULES = YES;
				CLANG_ENABLE_OBJC_ARC = YES;
				CLANG_ENABLE_OBJC_WEAK = YES;
				CLANG_WARN_BLOCK_CAPTURE_AUTORELEASING = YES;
				CLANG_WARN_BOOL_CONVERSION = YES;
				CLANG_WARN_COMMA = YES;
				CLANG_WARN_CONSTANT_CONVERSION = YES;
				CLANG_WARN_DEPRECATED_OBJC_IMPLEMENTATIONS = YES;
				CLANG_WARN_DIRECT_OBJC_ISA_USAGE = YES_ERROR;
				CLANG_WARN_DOCUMENTATION_COMMENTS = YES;
				CLANG_WARN_EMPTY_BODY = YES;
				CLANG_WARN_ENUM_CONVERSION = YES;
				CLANG_WARN_INFINITE_RECURSION = YES;
				CLANG_WARN_INT_CONVERSION = YES;
				CLANG_WARN_NON_LITERAL_NULL_CONVERSION = YES;
				CLANG_WARN_OBJC_IMPLICIT_RETAIN_SELF = YES;
				CLANG_WARN_OBJC_LITERAL_CONVERSION = YES;
				CLANG_WARN_OBJC_ROOT_CLASS = YES_ERROR;
				CLANG_WARN_QUOTED_INCLUDE_IN_FRAMEWORK_HEADER = YES;
				CLANG_WARN_RANGE_LOOP_ANALYSIS = YES;
				CLANG_WARN_STRICT_PROTOTYPES = YES;
				CLANG_WARN_SUSPICIOUS_MOVE = YES;
				CLANG_WARN_UNGUARDED_AVAILABILITY = YES_AGGRESSIVE;
				CLANG_WARN_UNREACHABLE_CODE = YES;
				CLANG_WARN__DUPLICATE_METHOD_MATCH = YES;
				COPY_PHASE_STRIP = NO;
				DEBUG_INFORMATION_FORMAT = "dwarf-with-dsym";
				ENABLE_NS_ASSERTIONS = NO;
				ENABLE_STRICT_OBJC_MSGSEND = YES;
				GCC_C_LANGUAGE_STANDARD = gnu11;
				GCC_NO_COMMON_BLOCKS = YES;
				GCC_WARN_64_TO_32_BIT_CONVERSION = YES;
				GCC_WARN_ABOUT_RETURN_TYPE = YES_ERROR;
				GCC_WARN_UNDECLARED_SELECTOR = YES;
				GCC_WARN_UNINITIALIZED_AUTOS = YES_AGGRESSIVE;
				GCC_WARN_UNUSED_FUNCTION = YES;
				GCC_WARN_UNUSED_VARIABLE = YES;
				IPHONEOS_DEPLOYMENT_TARGET = 16.2;
				MTL_ENABLE_DEBUG_INFO = NO;
				MTL_FAST_MATH = YES;
				SDKROOT = iphoneos;
				SWIFT_COMPILATION_MODE = wholemodule;
				SWIFT_OPTIMIZATION_LEVEL = "-O";
				VALIDATE_PRODUCT = YES;
			};
			name = Release;
		};
		937B9E4D297A729400160EDD /* Debug */ = {
			isa = XCBuildConfiguration;
			buildSettings = {
				ASSETCATALOG_COMPILER_APPICON_NAME = AppIcon;
				ASSETCATALOG_COMPILER_GLOBAL_ACCENT_COLOR_NAME = AccentColor;
				CODE_SIGN_STYLE = Automatic;
				CURRENT_PROJECT_VERSION = 1;
				GENERATE_INFOPLIST_FILE = YES;
				INFOPLIST_FILE = iOSNativeBaseApp/Info.plist;
				INFOPLIST_KEY_UIApplicationSupportsIndirectInputEvents = YES;
				INFOPLIST_KEY_UILaunchStoryboardName = LaunchScreen;
				INFOPLIST_KEY_UISupportedInterfaceOrientations_iPad = "UIInterfaceOrientationPortrait UIInterfaceOrientationPortraitUpsideDown UIInterfaceOrientationLandscapeLeft UIInterfaceOrientationLandscapeRight";
				INFOPLIST_KEY_UISupportedInterfaceOrientations_iPhone = "UIInterfaceOrientationPortrait UIInterfaceOrientationLandscapeLeft UIInterfaceOrientationLandscapeRight";
				LD_RUNPATH_SEARCH_PATHS = (
					"$(inherited)",
					"@executable_path/Frameworks",
				);
				MARKETING_VERSION = 1.0;
				PRODUCT_BUNDLE_IDENTIFIER = com.example.iOSNativeBaseApp;
				PRODUCT_NAME = "$(TARGET_NAME)";
				SWIFT_EMIT_LOC_STRINGS = YES;
				SWIFT_VERSION = 5.0;
				TARGETED_DEVICE_FAMILY = "1,2";
			};
			name = Debug;
		};
		937B9E4E297A729400160EDD /* Release */ = {
			isa = XCBuildConfiguration;
			buildSettings = {
				ASSETCATALOG_COMPILER_APPICON_NAME = AppIcon;
				ASSETCATALOG_COMPILER_GLOBAL_ACCENT_COLOR_NAME = AccentColor;
				CODE_SIGN_STYLE = Automatic;
				CURRENT_PROJECT_VERSION = 1;
				GENERATE_INFOPLIST_FILE = YES;
				INFOPLIST_FILE = iOSNativeBaseApp/Info.plist;
				INFOPLIST_KEY_UIApplicationSupportsIndirectInputEvents = YES;
				INFOPLIST_KEY_UILaunchStoryboardName = LaunchScreen;
				INFOPLIST_KEY_UISupportedInterfaceOrientations_iPad = "UIInterfaceOrientationPortrait UIInterfaceOrientationPortraitUpsideDown UIInterfaceOrientationLandscapeLeft UIInterfaceOrientationLandscapeRight";
				INFOPLIST_KEY_UISupportedInterfaceOrientations_iPhone = "UIInterfaceOrientationPortrait UIInterfaceOrientationLandscapeLeft UIInterfaceOrientationLandscapeRight";
				LD_RUNPATH_SEARCH_PATHS = (
					"$(inherited)",
					"@executable_path/Frameworks",
				);
				MARKETING_VERSION = 1.0;
				PRODUCT_BUNDLE_IDENTIFIER = com.example.iOSNativeBaseApp;
				PRODUCT_NAME = "$(TARGET_NAME)";
				SWIFT_EMIT_LOC_STRINGS = YES;
				SWIFT_VERSION = 5.0;
				TARGETED_DEVICE_FAMILY = "1,2";
			};
			name = Release;
		};
/* End XCBuildConfiguration section */

/* Begin XCConfigurationList section */
		937B9E33297A729200160EDD /* Build configuration list for PBXProject "iOSNativeBaseApp" */ = {
			isa = XCConfigurationList;
			buildConfigurations = (
				937B9E4A297A729400160EDD /* Debug */,
				937B9E4B297A729400160EDD /* Release */,
			);
			defaultConfigurationIsVisible = 0;
			defaultConfigurationName = Release;
		};
		937B9E4C297A729400160EDD /* Build configuration list for PBXNativeTarget "iOSNativeBaseApp" */ = {
			isa = XCConfigurationList;
			buildConfigurations = (
				937B9E4D297A729400160EDD /* Debug */,
				937B9E4E297A729400160EDD /* Release */,
			);
			defaultConfigurationIsVisible = 0;
			defaultConfigurationName = Release;
		};
/* End XCConfigurationList section */
	};
	rootObject = 937B9E30297A729200160EDD /* Project object */;
}
